
Microsoft Visual Studio Solution File, Format Version 12.00
# Visual Studio Version 17
VisualStudioVersion = 17.5.002.0
MinimumVisualStudioVersion = 10.0.40219.1
Project("{9A19103F-16F7-4668-BE54-9A1E7A4F7556}") = "publisher", "publisher\publisher.csproj", "{D259DA59-F946-4FF4-8D17-9D2CC98BA60B}"
EndProject
Project("{9A19103F-16F7-4668-BE54-9A1E7A4F7556}") = "books", "books\books.csproj", "{A27AD5AC-84D5-4607-AEC8-E23610C3CC81}"
EndProject
Project("{9A19103F-16F7-4668-BE54-9A1E7A4F7556}") = "readers", "readers\readers.csproj", "{B6F19526-3CBE-4D11-AA7D-9136F0BD6CF8}"
EndProject
Global
	GlobalSection(SolutionConfigurationPlatforms) = preSolution
		Debug|Any CPU = Debug|Any CPU
		Release|Any CPU = Release|Any CPU
	EndGlobalSection
	GlobalSection(ProjectConfigurationPlatforms) = postSolution
		{D259DA59-F946-4FF4-8D17-9D2CC98BA60B}.Debug|Any CPU.ActiveCfg = Debug|Any CPU
		{D259DA59-F946-4FF4-8D17-9D2CC98BA60B}.Debug|Any CPU.Build.0 = Debug|Any CPU
		{D259DA59-F946-4FF4-8D17-9D2CC98BA60B}.Release|Any CPU.ActiveCfg = Release|Any CPU
		{D259DA59-F946-4FF4-8D17-9D2CC98BA60B}.Release|Any CPU.Build.0 = Release|Any CPU
		{A27AD5AC-84D5-4607-AEC8-E23610C3CC81}.Debug|Any CPU.ActiveCfg = Debug|Any CPU
		{A27AD5AC-84D5-4607-AEC8-E23610C3CC81}.Debug|Any CPU.Build.0 = Debug|Any CPU
		{A27AD5AC-84D5-4607-AEC8-E23610C3CC81}.Release|Any CPU.ActiveCfg = Release|Any CPU
		{A27AD5AC-84D5-4607-AEC8-E23610C3CC81}.Release|Any CPU.Build.0 = Release|Any CPU
		{B6F19526-3CBE-4D11-AA7D-9136F0BD6CF8}.Debug|Any CPU.ActiveCfg = Debug|Any CPU
		{B6F19526-3CBE-4D11-AA7D-9136F0BD6CF8}.Debug|Any CPU.Build.0 = Debug|Any CPU
		{B6F19526-3CBE-4D11-AA7D-9136F0BD6CF8}.Release|Any CPU.ActiveCfg = Release|Any CPU
		{B6F19526-3CBE-4D11-AA7D-9136F0BD6CF8}.Release|Any CPU.Build.0 = Release|Any CPU
	EndGlobalSection
	GlobalSection(SolutionProperties) = preSolution
		HideSolutionNode = FALSE
	EndGlobalSection
	GlobalSection(ExtensibilityGlobals) = postSolution
		SolutionGuid = {CFA06768-57F0-45E9-B2C9-4A9B06ADA95E}
	EndGlobalSection
EndGlobal
